
Microsoft Visual Studio Solution File, Format Version 12.00
# Visual Studio Version 17
VisualStudioVersion = 17.10.35004.147
MinimumVisualStudioVersion = 10.0.40219.1
Project("{FAE04EC0-301F-11D3-BF4B-00C04F79EFBC}") = "WireMock.Net.Tests", "WireMock.Net.Tests\WireMock.Net.Tests.csproj", "{7B871F64-C98B-411C-B80C-FA9AD562458D}"
EndProject
Global
	GlobalSection(SolutionConfigurationPlatforms) = preSolution
		Debug|Any CPU = Debug|Any CPU
		Release|Any CPU = Release|Any CPU
	EndGlobalSection
	GlobalSection(ProjectConfigurationPlatforms) = postSolution
		{7B871F64-C98B-411C-B80C-FA9AD562458D}.Debug|Any CPU.ActiveCfg = Debug|Any CPU
		{7B871F64-C98B-411C-B80C-FA9AD562458D}.Debug|Any CPU.Build.0 = Debug|Any CPU
		{7B871F64-C98B-411C-B80C-FA9AD562458D}.Release|Any CPU.ActiveCfg = Release|Any CPU
		{7B871F64-C98B-411C-B80C-FA9AD562458D}.Release|Any CPU.Build.0 = Release|Any CPU
	EndGlobalSection
	GlobalSection(SolutionProperties) = preSolution
		HideSolutionNode = FALSE
	EndGlobalSection
	GlobalSection(ExtensibilityGlobals) = postSolution
		SolutionGuid = {041EA933-5B7C-4997-B15C-3721AD014361}
	EndGlobalSection
EndGlobal
